{
  "name": "@2heal1/tvis",
  "version": "0.0.0",
  "lockfileVersion": 3,
  "requires": true,
  "packages": {
    "": {
      "name": "@2heal1/tvis",
      "version": "0.0.0",
      "license": "MIT",
      "bin": {
        "tvis": "bin/tvis.mjs"
      },
      "engines": {
        "node": ">=20"
      }
    }
  }
}
