{
  "name": "t-vis",
  "version": "0.1.0",
  "lockfileVersion": 3,
  "requires": true,
  "packages": {
    "": {
      "name": "t-vis",
      "version": "0.1.0",
      "license": "MIT",
      "bin": {
        "tvis": "bin/tvis.mjs"
      },
      "engines": {
        "node": ">=20"
      }
    }
  }
}
